
Microsoft Visual Studio Solution File, Format Version 12.00
# Visual Studio Version 16
VisualStudioVersion = 16.0.31515.178
MinimumVisualStudioVersion = 10.0.40219.1
Project("{9A19103F-16F7-4668-BE54-9A1E7A4F7556}") = "Gateway", "Gateway\Gateway.csproj", "{CFC875EC-21AE-44A9-AD18-77D95596413F}"
EndProject
Project("{FAE04EC0-301F-11D3-BF4B-00C04F79EFBC}") = "Gateway.Protocol", "Gateway.Protocol\Gateway.Protocol.csproj", "{9A2387F2-DFA4-4E62-86CA-EE479E06E9E7}"
EndProject
Global
	GlobalSection(SolutionConfigurationPlatforms) = preSolution
		Debug|Any CPU = Debug|Any CPU
		Release|Any CPU = Release|Any CPU
	EndGlobalSection
	GlobalSection(ProjectConfigurationPlatforms) = postSolution
		{CFC875EC-21AE-44A9-AD18-77D95596413F}.Debug|Any CPU.ActiveCfg = Debug|Any CPU
		{CFC875EC-21AE-44A9-AD18-77D95596413F}.Debug|Any CPU.Build.0 = Debug|Any CPU
		{CFC875EC-21AE-44A9-AD18-77D95596413F}.Release|Any CPU.ActiveCfg = Release|Any CPU
		{CFC875EC-21AE-44A9-AD18-77D95596413F}.Release|Any CPU.Build.0 = Release|Any CPU
		{9A2387F2-DFA4-4E62-86CA-EE479E06E9E7}.Debug|Any CPU.ActiveCfg = Debug|Any CPU
		{9A2387F2-DFA4-4E62-86CA-EE479E06E9E7}.Debug|Any CPU.Build.0 = Debug|Any CPU
		{9A2387F2-DFA4-4E62-86CA-EE479E06E9E7}.Release|Any CPU.ActiveCfg = Release|Any CPU
		{9A2387F2-DFA4-4E62-86CA-EE479E06E9E7}.Release|Any CPU.Build.0 = Release|Any CPU
	EndGlobalSection
	GlobalSection(SolutionProperties) = preSolution
		HideSolutionNode = FALSE
	EndGlobalSection
	GlobalSection(ExtensibilityGlobals) = postSolution
		SolutionGuid = {5D363C48-98B3-458E-A31F-FFB6BFD98147}
	EndGlobalSection
EndGlobal
